
Microsoft Visual Studio Solution File, Format Version 12.00
# Visual Studio Version 16
VisualStudioVersion = 16.0.30128.74
MinimumVisualStudioVersion = 10.0.40219.1
Project("{2150E333-8FDC-42A3-9474-1A3956D46DE8}") = "Application", "Application", "{93A38581-8114-49B4-9CD2-905F9BB55338}"
EndProject
Project("{2150E333-8FDC-42A3-9474-1A3956D46DE8}") = "Domain", "Domain", "{4DC0098C-7DC9-4214-82AC-AAA29C0D34A6}"
EndProject
Project("{2150E333-8FDC-42A3-9474-1A3956D46DE8}") = "Infra.Data", "Infra.Data", "{A9B97CD0-2591-4235-9DD5-EBC64676DBB4}"
EndProject
Project("{2150E333-8FDC-42A3-9474-1A3956D46DE8}") = "Infra.IoC", "Infra.IoC", "{F0B9B8D5-03EB-4155-A07B-D38E838D4051}"
EndProject
Project("{2150E333-8FDC-42A3-9474-1A3956D46DE8}") = "Presentation", "Presentation", "{331C07CD-5477-43F9-8D75-A1FA4B828F4D}"
EndProject
Project("{9A19103F-16F7-4668-BE54-9A1E7A4F7556}") = "CleanArch.Mvc", "CleanArch.Mvc\CleanArch.Mvc.csproj", "{E01C2091-9DF1-4121-B2F7-D148BF87E6C0}"
EndProject
Global
	GlobalSection(SolutionConfigurationPlatforms) = preSolution
		Debug|Any CPU = Debug|Any CPU
		Release|Any CPU = Release|Any CPU
	EndGlobalSection
	GlobalSection(ProjectConfigurationPlatforms) = postSolution
		{E01C2091-9DF1-4121-B2F7-D148BF87E6C0}.Debug|Any CPU.ActiveCfg = Debug|Any CPU
		{E01C2091-9DF1-4121-B2F7-D148BF87E6C0}.Debug|Any CPU.Build.0 = Debug|Any CPU
		{E01C2091-9DF1-4121-B2F7-D148BF87E6C0}.Release|Any CPU.ActiveCfg = Release|Any CPU
		{E01C2091-9DF1-4121-B2F7-D148BF87E6C0}.Release|Any CPU.Build.0 = Release|Any CPU
	EndGlobalSection
	GlobalSection(SolutionProperties) = preSolution
		HideSolutionNode = FALSE
	EndGlobalSection
	GlobalSection(NestedProjects) = preSolution
		{E01C2091-9DF1-4121-B2F7-D148BF87E6C0} = {93A38581-8114-49B4-9CD2-905F9BB55338}
	EndGlobalSection
	GlobalSection(ExtensibilityGlobals) = postSolution
		SolutionGuid = {86036458-B1FC-460E-B86A-8A9DC052D7B4}
	EndGlobalSection
EndGlobal
