
Microsoft Visual Studio Solution File, Format Version 12.00
# Visual Studio Version 16
VisualStudioVersion = 16.0.30128.74
MinimumVisualStudioVersion = 10.0.40219.1
Project("{2150E333-8FDC-42A3-9474-1A3956D46DE8}") = "Application", "Application", "{93A38581-8114-49B4-9CD2-905F9BB55338}"
EndProject
Project("{2150E333-8FDC-42A3-9474-1A3956D46DE8}") = "Domain", "Domain", "{4DC0098C-7DC9-4214-82AC-AAA29C0D34A6}"
EndProject
Project("{2150E333-8FDC-42A3-9474-1A3956D46DE8}") = "Infra.Data", "Infra.Data", "{A9B97CD0-2591-4235-9DD5-EBC64676DBB4}"
EndProject
Project("{2150E333-8FDC-42A3-9474-1A3956D46DE8}") = "Infra.IoC", "Infra.IoC", "{F0B9B8D5-03EB-4155-A07B-D38E838D4051}"
EndProject
Project("{2150E333-8FDC-42A3-9474-1A3956D46DE8}") = "Presentation", "Presentation", "{331C07CD-5477-43F9-8D75-A1FA4B828F4D}"
EndProject
Project("{9A19103F-16F7-4668-BE54-9A1E7A4F7556}") = "CleanArch.Mvc", "CleanArch.Mvc\CleanArch.Mvc.csproj", "{E01C2091-9DF1-4121-B2F7-D148BF87E6C0}"
EndProject
Project("{FAE04EC0-301F-11D3-BF4B-00C04F79EFBC}") = "CleanArch.Domain", "CleanArch.Domain\CleanArch.Domain.csproj", "{3DDA5A8A-A594-4F86-8A42-E36EA6B3390B}"
EndProject
Project("{FAE04EC0-301F-11D3-BF4B-00C04F79EFBC}") = "CleanArch.Infra.Data", "CleanArch.Infra.Data\CleanArch.Infra.Data.csproj", "{EB9497A9-55FD-45EB-8598-DB15B73CDE78}"
EndProject
Project("{FAE04EC0-301F-11D3-BF4B-00C04F79EFBC}") = "CleanArch.Application", "CleanArch.Application\CleanArch.Application.csproj", "{FCFAA04E-DFC9-48DB-AC8E-AB8234698F34}"
EndProject
Project("{FAE04EC0-301F-11D3-BF4B-00C04F79EFBC}") = "CleanArch.Infra.IoC", "CleanArch.Infra.IoC\CleanArch.Infra.IoC.csproj", "{ADBB4931-28A7-4AD0-89CC-01C2906EC479}"
EndProject
Project("{2150E333-8FDC-42A3-9474-1A3956D46DE8}") = "Infra.Bus", "Infra.Bus", "{822FF74C-C6BE-485F-9563-55A9B51C7336}"
EndProject
Project("{2150E333-8FDC-42A3-9474-1A3956D46DE8}") = "Api", "Api", "{134D34DE-6F9C-413F-8546-45A97A3C4E62}"
EndProject
Global
	GlobalSection(SolutionConfigurationPlatforms) = preSolution
		Debug|Any CPU = Debug|Any CPU
		Release|Any CPU = Release|Any CPU
	EndGlobalSection
	GlobalSection(ProjectConfigurationPlatforms) = postSolution
		{E01C2091-9DF1-4121-B2F7-D148BF87E6C0}.Debug|Any CPU.ActiveCfg = Debug|Any CPU
		{E01C2091-9DF1-4121-B2F7-D148BF87E6C0}.Debug|Any CPU.Build.0 = Debug|Any CPU
		{E01C2091-9DF1-4121-B2F7-D148BF87E6C0}.Release|Any CPU.ActiveCfg = Release|Any CPU
		{E01C2091-9DF1-4121-B2F7-D148BF87E6C0}.Release|Any CPU.Build.0 = Release|Any CPU
		{3DDA5A8A-A594-4F86-8A42-E36EA6B3390B}.Debug|Any CPU.ActiveCfg = Debug|Any CPU
		{3DDA5A8A-A594-4F86-8A42-E36EA6B3390B}.Debug|Any CPU.Build.0 = Debug|Any CPU
		{3DDA5A8A-A594-4F86-8A42-E36EA6B3390B}.Release|Any CPU.ActiveCfg = Release|Any CPU
		{3DDA5A8A-A594-4F86-8A42-E36EA6B3390B}.Release|Any CPU.Build.0 = Release|Any CPU
		{EB9497A9-55FD-45EB-8598-DB15B73CDE78}.Debug|Any CPU.ActiveCfg = Debug|Any CPU
		{EB9497A9-55FD-45EB-8598-DB15B73CDE78}.Debug|Any CPU.Build.0 = Debug|Any CPU
		{EB9497A9-55FD-45EB-8598-DB15B73CDE78}.Release|Any CPU.ActiveCfg = Release|Any CPU
		{EB9497A9-55FD-45EB-8598-DB15B73CDE78}.Release|Any CPU.Build.0 = Release|Any CPU
		{FCFAA04E-DFC9-48DB-AC8E-AB8234698F34}.Debug|Any CPU.ActiveCfg = Debug|Any CPU
		{FCFAA04E-DFC9-48DB-AC8E-AB8234698F34}.Debug|Any CPU.Build.0 = Debug|Any CPU
		{FCFAA04E-DFC9-48DB-AC8E-AB8234698F34}.Release|Any CPU.ActiveCfg = Release|Any CPU
		{FCFAA04E-DFC9-48DB-AC8E-AB8234698F34}.Release|Any CPU.Build.0 = Release|Any CPU
		{ADBB4931-28A7-4AD0-89CC-01C2906EC479}.Debug|Any CPU.ActiveCfg = Debug|Any CPU
		{ADBB4931-28A7-4AD0-89CC-01C2906EC479}.Debug|Any CPU.Build.0 = Debug|Any CPU
		{ADBB4931-28A7-4AD0-89CC-01C2906EC479}.Release|Any CPU.ActiveCfg = Release|Any CPU
		{ADBB4931-28A7-4AD0-89CC-01C2906EC479}.Release|Any CPU.Build.0 = Release|Any CPU
	EndGlobalSection
	GlobalSection(SolutionProperties) = preSolution
		HideSolutionNode = FALSE
	EndGlobalSection
	GlobalSection(NestedProjects) = preSolution
		{E01C2091-9DF1-4121-B2F7-D148BF87E6C0} = {331C07CD-5477-43F9-8D75-A1FA4B828F4D}
		{3DDA5A8A-A594-4F86-8A42-E36EA6B3390B} = {4DC0098C-7DC9-4214-82AC-AAA29C0D34A6}
		{EB9497A9-55FD-45EB-8598-DB15B73CDE78} = {A9B97CD0-2591-4235-9DD5-EBC64676DBB4}
		{FCFAA04E-DFC9-48DB-AC8E-AB8234698F34} = {93A38581-8114-49B4-9CD2-905F9BB55338}
		{ADBB4931-28A7-4AD0-89CC-01C2906EC479} = {F0B9B8D5-03EB-4155-A07B-D38E838D4051}
	EndGlobalSection
	GlobalSection(ExtensibilityGlobals) = postSolution
		SolutionGuid = {86036458-B1FC-460E-B86A-8A9DC052D7B4}
	EndGlobalSection
EndGlobal
